
Microsoft Visual Studio Solution File, Format Version 12.00
# Visual Studio Version 17
VisualStudioVersion = 17.14.36623.8 d17.14
MinimumVisualStudioVersion = 10.0.40219.1
Project("{8BC9CEB8-8B4A-11D0-8D11-00A0C91BC942}") = "POO2025-Arcusi_Marius_Samuel-ID_1157", "POO2025-Arcusi_Marius_Samuel-ID_1157.vcxproj", "{FFE32D51-487A-4BE8-9AE0-64D7DA85660A}"
EndProject
Global
	GlobalSection(SolutionConfigurationPlatforms) = preSolution
		Debug|x64 = Debug|x64
		Debug|x86 = Debug|x86
		Release|x64 = Release|x64
		Release|x86 = Release|x86
	EndGlobalSection
	GlobalSection(ProjectConfigurationPlatforms) = postSolution
		{FFE32D51-487A-4BE8-9AE0-64D7DA85660A}.Debug|x64.ActiveCfg = Debug|x64
		{FFE32D51-487A-4BE8-9AE0-64D7DA85660A}.Debug|x64.Build.0 = Debug|x64
		{FFE32D51-487A-4BE8-9AE0-64D7DA85660A}.Debug|x86.ActiveCfg = Debug|Win32
		{FFE32D51-487A-4BE8-9AE0-64D7DA85660A}.Debug|x86.Build.0 = Debug|Win32
		{FFE32D51-487A-4BE8-9AE0-64D7DA85660A}.Release|x64.ActiveCfg = Release|x64
		{FFE32D51-487A-4BE8-9AE0-64D7DA85660A}.Release|x64.Build.0 = Release|x64
		{FFE32D51-487A-4BE8-9AE0-64D7DA85660A}.Release|x86.ActiveCfg = Release|Win32
		{FFE32D51-487A-4BE8-9AE0-64D7DA85660A}.Release|x86.Build.0 = Release|Win32
	EndGlobalSection
	GlobalSection(SolutionProperties) = preSolution
		HideSolutionNode = FALSE
	EndGlobalSection
	GlobalSection(ExtensibilityGlobals) = postSolution
		SolutionGuid = {0491C721-44C0-4B41-9A48-6F6D2EAD9A74}
	EndGlobalSection
EndGlobal
